
Microsoft Visual Studio Solution File, Format Version 12.00
# Visual Studio Version 17
VisualStudioVersion = 17.5.33424.131
MinimumVisualStudioVersion = 10.0.40219.1
Project("{FAE04EC0-301F-11D3-BF4B-00C04F79EFBC}") = "SocialMedia", "SocialMedia\SocialMedia.csproj", "{11BE1115-0396-4BA0-9ED3-3BB11571CB28}"
EndProject
Global
	GlobalSection(SolutionConfigurationPlatforms) = preSolution
		Debug|Any CPU = Debug|Any CPU
		Release|Any CPU = Release|Any CPU
	EndGlobalSection
	GlobalSection(ProjectConfigurationPlatforms) = postSolution
		{11BE1115-0396-4BA0-9ED3-3BB11571CB28}.Debug|Any CPU.ActiveCfg = Debug|Any CPU
		{11BE1115-0396-4BA0-9ED3-3BB11571CB28}.Debug|Any CPU.Build.0 = Debug|Any CPU
		{11BE1115-0396-4BA0-9ED3-3BB11571CB28}.Release|Any CPU.ActiveCfg = Release|Any CPU
		{11BE1115-0396-4BA0-9ED3-3BB11571CB28}.Release|Any CPU.Build.0 = Release|Any CPU
	EndGlobalSection
	GlobalSection(SolutionProperties) = preSolution
		HideSolutionNode = FALSE
	EndGlobalSection
	GlobalSection(ExtensibilityGlobals) = postSolution
		SolutionGuid = {72AEE7D9-BE40-4EFF-BA88-11D1F815C9F2}
	EndGlobalSection
EndGlobal
